{
  "name": "flappy-luigio",
  "version": "1.0.0",
  "lockfileVersion": 3,
  "requires": true,
  "packages": {
    "": {
      "name": "flappy-luigio",
      "version": "1.0.0",
      "license": "ISC",
      "dependencies": {
        "pixi.js": "^7.2.0-beta"
      }
    },
    "node_modules/@pixi/accessibility": {
      "version": "7.2.0-beta",
      "resolved": "https://registry.npmjs.org/@pixi/accessibility/-/accessibility-7.2.0-beta.tgz",
      "integrity": "sha512-4TA/erq1Rle7vWvLigW5nr2zkwgkuwF0ADDmTPoz0DlIZ8oR7Y6qaDw6epuo6rEfXhxsdLEVq39NW5NxWv5TEQ=="
    },
    "node_modules/@pixi/app": {
      "version": "7.2.0-beta",
      "resolved": "https://registry.npmjs.org/@pixi/app/-/app-7.2.0-beta.tgz",
      "integrity": "sha512-VKwerIXrA48DHX+qoCRAvYKnBoYKWrkl+m0v3RAE8cEBxvGlQTbb31Zrnj5bEbQtw31f/v+X36ExCCIS3KOMfA=="
    },
    "node_modules/@pixi/assets": {
      "version": "7.2.0-beta",
      "resolved": "https://registry.npmjs.org/@pixi/assets/-/assets-7.2.0-beta.tgz",
      "integrity": "sha512-FMLBZEyF4lDoib5XMzZo17ibchTPKI+SwfA14vTd5p0hMhes5TwyKjRmEUAWceaKIZmbFdqQtFkmABzjq3IpNA==",
      "dependencies": {
        "@types/css-font-loading-module": "^0.0.7"
      }
    },
    "node_modules/@pixi/color": {
      "version": "7.2.0-beta",
      "resolved": "https://registry.npmjs.org/@pixi/color/-/color-7.2.0-beta.tgz",
      "integrity": "sha512-l1cMKlyeB2PdBx/13lcI/RRBmizB8u76js3qXYdAT3oI/OXdxDGhO5XdGDZf+N0ZQWGCSb1+JgsPT+yJ73Z//g==",
      "dependencies": {
        "colord": "^2.9.3"
      }
    },
    "node_modules/@pixi/compressed-textures": {
      "version": "7.2.0-beta",
      "resolved": "https://registry.npmjs.org/@pixi/compressed-textures/-/compressed-textures-7.2.0-beta.tgz",
      "integrity": "sha512-LlY3Z4XGoGmQ/UGZKyI8X0RMewA5WHdWk7m46bJmJjQ297tCDYWyvEbbCXdtiry+2AJgik5H8V0QnoP6vV4HGQ=="
    },
    "node_modules/@pixi/constants": {
      "version": "7.2.0-beta",
      "resolved": "https://registry.npmjs.org/@pixi/constants/-/constants-7.2.0-beta.tgz",
      "integrity": "sha512-LBz+Q7frl9ugoY2awSjC+qoramF/OPY1xt+bBsqiBYipCkqFf+n/O9u9OJ36kWOwNbXYZucdKUpgNuVzAaNvUQ=="
    },
    "node_modules/@pixi/core": {
      "version": "7.2.0-beta",
      "resolved": "https://registry.npmjs.org/@pixi/core/-/core-7.2.0-beta.tgz",
      "integrity": "sha512-8kB58v+cQ+4OKz7ZMH9coMklal+ydN7NrGDyINEVn6MrFeXo68Y0OaNJuggaqb9c1OXfvjQrPkn7ug84oHlKJg==",
      "dependencies": {
        "@pixi/color": "7.2.0-beta",
        "@pixi/constants": "7.2.0-beta",
        "@pixi/extensions": "7.2.0-beta",
        "@pixi/math": "7.2.0-beta",
        "@pixi/runner": "7.2.0-beta",
        "@pixi/settings": "7.2.0-beta",
        "@pixi/ticker": "7.2.0-beta",
        "@pixi/utils": "7.2.0-beta",
        "@types/offscreencanvas": "^2019.6.4"
      },
      "funding": {
        "type": "opencollective",
        "url": "https://opencollective.com/pixijs"
      }
    },
    "node_modules/@pixi/display": {
      "version": "7.2.0-beta",
      "resolved": "https://registry.npmjs.org/@pixi/display/-/display-7.2.0-beta.tgz",
      "integrity": "sha512-5ABs7XvfOGnUxzi4vFU5CieemfUW/lNY9B3Nn91Wtix2maCNNxyb9IB9wO30egb3lbqX6QskKe9hPh8OjU0qUQ=="
    },
    "node_modules/@pixi/events": {
      "version": "7.2.0-beta",
      "resolved": "https://registry.npmjs.org/@pixi/events/-/events-7.2.0-beta.tgz",
      "integrity": "sha512-RHgy7a+A8B0bxLCjwKCAcs9jYsRpyjVXfEYHhJmrwSyzaobs5jhldakX2wpelViS5oacTFqPV7Xuwv3F3d28mw=="
    },
    "node_modules/@pixi/extensions": {
      "version": "7.2.0-beta",
      "resolved": "https://registry.npmjs.org/@pixi/extensions/-/extensions-7.2.0-beta.tgz",
      "integrity": "sha512-eFtgIUFsYJFYXUT/qPSOyH0rCRwRwgpPvNvf36tJ0Ki1JJsLlHMmX6vIz8J/zKmfSTnp0mxymdDC+e58tuirEA=="
    },
    "node_modules/@pixi/extract": {
      "version": "7.2.0-beta",
      "resolved": "https://registry.npmjs.org/@pixi/extract/-/extract-7.2.0-beta.tgz",
      "integrity": "sha512-aGMd7AFZnWEbpzxVB7QYK8JlENPyUiTJu0oemjY2Fmr8smitZvSwDLf/h6XxIV8b0bQtfXH4GreYHMB3w/kufg=="
    },
    "node_modules/@pixi/filter-alpha": {
      "version": "7.2.0-beta",
      "resolved": "https://registry.npmjs.org/@pixi/filter-alpha/-/filter-alpha-7.2.0-beta.tgz",
      "integrity": "sha512-p6KpAMr2OICP2ucnntyxX8Teriwqgb8/Npm8m0wXDl2RbWxbF9xBMnIQ8y+aiT8bNQVcz+p4H8+0IDkBbyXn6A=="
    },
    "node_modules/@pixi/filter-blur": {
      "version": "7.2.0-beta",
      "resolved": "https://registry.npmjs.org/@pixi/filter-blur/-/filter-blur-7.2.0-beta.tgz",
      "integrity": "sha512-tMdwAJZoslXIyZZJAJl/VKONkdHI8eO81IYaWxZVCB5rLqssMnZrrEzecjGdmQ8J94xezD1jVlFlCItvsjohWA=="
    },
    "node_modules/@pixi/filter-color-matrix": {
      "version": "7.2.0-beta",
      "resolved": "https://registry.npmjs.org/@pixi/filter-color-matrix/-/filter-color-matrix-7.2.0-beta.tgz",
      "integrity": "sha512-Y+dyzJFZyyBlmoUBpWBXi9aUMZjoyZKTAB0eJ09nxDvOmch//VaqqPLluRbq5IiBavJUdfTlxyDyVcqKpKxeGQ=="
    },
    "node_modules/@pixi/filter-displacement": {
      "version": "7.2.0-beta",
      "resolved": "https://registry.npmjs.org/@pixi/filter-displacement/-/filter-displacement-7.2.0-beta.tgz",
      "integrity": "sha512-XlZWkMPEz0wq48mbNM5YwK/tuVfm1Zj6SEuyfaGe6aQiMKgBFErcOxHNipmBRJrQrEH0MV8kxJHKJAxx/gJ4MA=="
    },
    "node_modules/@pixi/filter-fxaa": {
      "version": "7.2.0-beta",
      "resolved": "https://registry.npmjs.org/@pixi/filter-fxaa/-/filter-fxaa-7.2.0-beta.tgz",
      "integrity": "sha512-PGJGtmb6NlTjv8DydRkV0f2UHULupmHmDoesKaV00U03zcYV2vPVnLt6m8wuky/9QvyswKfQ9UHn+IM1+cuX/g=="
    },
    "node_modules/@pixi/filter-noise": {
      "version": "7.2.0-beta",
      "resolved": "https://registry.npmjs.org/@pixi/filter-noise/-/filter-noise-7.2.0-beta.tgz",
      "integrity": "sha512-gkuI0hczhBSuWLsza9KSpyso59aEPQvnmRNkQj65bkeRlq3/Xcli1n3VsOXYUSm4M7ABb8FS/e2MR/Zoscp7xg=="
    },
    "node_modules/@pixi/graphics": {
      "version": "7.2.0-beta",
      "resolved": "https://registry.npmjs.org/@pixi/graphics/-/graphics-7.2.0-beta.tgz",
      "integrity": "sha512-Tk6UFJZHs/zmN05Kr/Sfp7i4L1ARl3q0wWrTOHj9618vPOZfeS9Z3c+MIExx/k+ERKEjqSG7OOnds6iQ0jjeqg=="
    },
    "node_modules/@pixi/math": {
      "version": "7.2.0-beta",
      "resolved": "https://registry.npmjs.org/@pixi/math/-/math-7.2.0-beta.tgz",
      "integrity": "sha512-jnu4FJIoHkuHbflkjZvrmEQ9GvdzOTMtMyaXzGPkJakEh4rLJLCfVms4dm4Ra0jNmZXkS/83+GbRkAVcdgORHw=="
    },
    "node_modules/@pixi/mesh": {
      "version": "7.2.0-beta",
      "resolved": "https://registry.npmjs.org/@pixi/mesh/-/mesh-7.2.0-beta.tgz",
      "integrity": "sha512-q4OXhQBGCoFmMkMfwpcXOB6a1NvXlRss+cdehgBhdfuZciWkiPlonky/CEYXB+v6QWrkJYC6RJyN9zuCZJyI+g=="
    },
    "node_modules/@pixi/mesh-extras": {
      "version": "7.2.0-beta",
      "resolved": "https://registry.npmjs.org/@pixi/mesh-extras/-/mesh-extras-7.2.0-beta.tgz",
      "integrity": "sha512-wq1E0rYxRmsdyLmkzXKQ8eUvdzmfNJRN56BKbeMGJ3rrEfCOS8WimlBY30Lq6GekqRAvm+qpjYLnFdHEZXG0NA=="
    },
    "node_modules/@pixi/mixin-cache-as-bitmap": {
      "version": "7.2.0-beta",
      "resolved": "https://registry.npmjs.org/@pixi/mixin-cache-as-bitmap/-/mixin-cache-as-bitmap-7.2.0-beta.tgz",
      "integrity": "sha512-0UndvAmlzxKjl7ZD5yLemPNfyT1lw8Nl46a/zRRkugEgKZpLHsd3FLi/lnP2H2Vqt6eGsZod84u7grNDk2PdMw=="
    },
    "node_modules/@pixi/mixin-get-child-by-name": {
      "version": "7.2.0-beta",
      "resolved": "https://registry.npmjs.org/@pixi/mixin-get-child-by-name/-/mixin-get-child-by-name-7.2.0-beta.tgz",
      "integrity": "sha512-R/n2dMR2UtlRH/EbEH1YFnXYvs1VoYSqXlrdThg869FUgbBaXYy7YPplL3ouJChzioAvojB92TiXynW2QBwnlQ=="
    },
    "node_modules/@pixi/mixin-get-global-position": {
      "version": "7.2.0-beta",
      "resolved": "https://registry.npmjs.org/@pixi/mixin-get-global-position/-/mixin-get-global-position-7.2.0-beta.tgz",
      "integrity": "sha512-jSLPgN39ZI9XHro+fxWl+oTnPLZ+kbCZotQXzIfofpqAiHFQoki3KCRy5rJ1R7Zf7PoglcHcUkqFYOr9NXdyrw=="
    },
    "node_modules/@pixi/particle-container": {
      "version": "7.2.0-beta",
      "resolved": "https://registry.npmjs.org/@pixi/particle-container/-/particle-container-7.2.0-beta.tgz",
      "integrity": "sha512-fYLJxso9Q27p/smWJgQI414o0JptEezW4c6eMy29BL4RLw4m+uxZcYLn3rt1M/Uz9aQ6f5WNFL+XlJ6CvG0rzw=="
    },
    "node_modules/@pixi/prepare": {
      "version": "7.2.0-beta",
      "resolved": "https://registry.npmjs.org/@pixi/prepare/-/prepare-7.2.0-beta.tgz",
      "integrity": "sha512-N6ZquTpiI5QoUS6KmgFwt8fQlDXZ5AtOm3Zzt7B1NYo+f3RasE+HniDUDTLHZZogO/5OvQO+noAh68k9FL/UKg=="
    },
    "node_modules/@pixi/runner": {
      "version": "7.2.0-beta",
      "resolved": "https://registry.npmjs.org/@pixi/runner/-/runner-7.2.0-beta.tgz",
      "integrity": "sha512-nsm59OZ3HR3+PkNf8IL64SEV35uEPguIL5UxFkFu+rP9vL8TK0qH8dx2tJoPuMrFhCHTvGHl3w1onNsCs/lu1g=="
    },
    "node_modules/@pixi/settings": {
      "version": "7.2.0-beta",
      "resolved": "https://registry.npmjs.org/@pixi/settings/-/settings-7.2.0-beta.tgz",
      "integrity": "sha512-xDJvWKZpgk0mNXVvbmUireAY9vJllobWuO0AeHssxUZOxpfk1cqeoqnkW0Di9Q/BpJJyWjEje5f/mebL/wCSGQ==",
      "dependencies": {
        "@pixi/constants": "7.2.0-beta",
        "@types/css-font-loading-module": "^0.0.7"
      }
    },
    "node_modules/@pixi/sprite": {
      "version": "7.2.0-beta",
      "resolved": "https://registry.npmjs.org/@pixi/sprite/-/sprite-7.2.0-beta.tgz",
      "integrity": "sha512-K598HQvCBXM7cwK1ZlJtoQMvfPeLQ2efrvaESM8SODGVK//oiDcILwAJfLw2vyfw+Uc8waatc+ejjRqDLldZFg=="
    },
    "node_modules/@pixi/sprite-animated": {
      "version": "7.2.0-beta",
      "resolved": "https://registry.npmjs.org/@pixi/sprite-animated/-/sprite-animated-7.2.0-beta.tgz",
      "integrity": "sha512-o1JontkHz9E/wY5ShuFjaIyA3oQE34gtTgzeacj44/JjqsGQ+p0QQbEP92hQKKk0qUIXtlhINzfht9sLMaNP+A=="
    },
    "node_modules/@pixi/sprite-tiling": {
      "version": "7.2.0-beta",
      "resolved": "https://registry.npmjs.org/@pixi/sprite-tiling/-/sprite-tiling-7.2.0-beta.tgz",
      "integrity": "sha512-k834V5mNM8ZOTm9Uz+kqEbFn5yzyPYlSTm3/DdP9QY5MfxFi/Ezhel1a7Srw/rzTLqEBpKWAD+f/qUyvyQ2d+Q=="
    },
    "node_modules/@pixi/spritesheet": {
      "version": "7.2.0-beta",
      "resolved": "https://registry.npmjs.org/@pixi/spritesheet/-/spritesheet-7.2.0-beta.tgz",
      "integrity": "sha512-KRDwmgzNBjKu9pUbj3fqp9nE2wE8PYWXVR0ZXlytO3LyUE137XrO6X9gEo5RVBs4APSisY41TqMYyFucjtkn9Q=="
    },
    "node_modules/@pixi/text": {
      "version": "7.2.0-beta",
      "resolved": "https://registry.npmjs.org/@pixi/text/-/text-7.2.0-beta.tgz",
      "integrity": "sha512-j3cCUyIhvsJXBpf26i/5a2XFW/LQP/JmMnesLpe3BG8AcU1NAjjtsEluiRjcdNGlpB2QyZ7gStKB/SssSAUXvA=="
    },
    "node_modules/@pixi/text-bitmap": {
      "version": "7.2.0-beta",
      "resolved": "https://registry.npmjs.org/@pixi/text-bitmap/-/text-bitmap-7.2.0-beta.tgz",
      "integrity": "sha512-MlFz9TdB+Gw2Wrp+0SiHfZGEXvh/xGXj7WeBtK0p/YHIgBoLxuOnP4zHyTpdBMZQRwFjvFJYa5Km0SiytfTXEw=="
    },
    "node_modules/@pixi/text-html": {
      "version": "7.2.0-beta",
      "resolved": "https://registry.npmjs.org/@pixi/text-html/-/text-html-7.2.0-beta.tgz",
      "integrity": "sha512-M3i+PhGHRkNKoO44Y5BtXIi/UnWmDNlZvhNHAeLzILFz6SVN2ytXN3uJGz5GmUL2xheGHCQ+9YG5D0TOcSVQmA=="
    },
    "node_modules/@pixi/ticker": {
      "version": "7.2.0-beta",
      "resolved": "https://registry.npmjs.org/@pixi/ticker/-/ticker-7.2.0-beta.tgz",
      "integrity": "sha512-zS0CtXA5ZNwrltO8SLXYB+mU7ME9O99BsD85sa2jwC+hUBTqbdncL+NRnGc2arot7tIrgsWYhRAJ0ls3RIVUHQ==",
      "dependencies": {
        "@pixi/extensions": "7.2.0-beta",
        "@pixi/settings": "7.2.0-beta",
        "@pixi/utils": "7.2.0-beta"
      }
    },
    "node_modules/@pixi/utils": {
      "version": "7.2.0-beta",
      "resolved": "https://registry.npmjs.org/@pixi/utils/-/utils-7.2.0-beta.tgz",
      "integrity": "sha512-jfghSNBoy1wpDpNrvXjP7HYusHINH0QdObP2N4o48lcjPo5rViNpw6Ic9ht+saIS7iYG1TiqSdrgT6SvYIVzjg==",
      "dependencies": {
        "@pixi/color": "7.2.0-beta",
        "@pixi/constants": "7.2.0-beta",
        "@pixi/settings": "7.2.0-beta",
        "@types/earcut": "^2.1.0",
        "earcut": "^2.2.4",
        "eventemitter3": "^4.0.0",
        "url": "^0.11.0"
      }
    },
    "node_modules/@types/css-font-loading-module": {
      "version": "0.0.7",
      "resolved": "https://registry.npmjs.org/@types/css-font-loading-module/-/css-font-loading-module-0.0.7.tgz",
      "integrity": "sha512-nl09VhutdjINdWyXxHWN/w9zlNCfr60JUqJbd24YXUuCwgeL0TpFSdElCwb6cxfB6ybE19Gjj4g0jsgkXxKv1Q=="
    },
    "node_modules/@types/earcut": {
      "version": "2.1.1",
      "resolved": "https://registry.npmjs.org/@types/earcut/-/earcut-2.1.1.tgz",
      "integrity": "sha512-w8oigUCDjElRHRRrMvn/spybSMyX8MTkKA5Dv+tS1IE/TgmNZPqUYtvYBXGY8cieSE66gm+szeK+bnbxC2xHTQ=="
    },
    "node_modules/@types/offscreencanvas": {
      "version": "2019.7.0",
      "resolved": "https://registry.npmjs.org/@types/offscreencanvas/-/offscreencanvas-2019.7.0.tgz",
      "integrity": "sha512-PGcyveRIpL1XIqK8eBsmRBt76eFgtzuPiSTyKHZxnGemp2yzGzWpjYKAfK3wIMiU7eH+851yEpiuP8JZerTmWg=="
    },
    "node_modules/colord": {
      "version": "2.9.3",
      "resolved": "https://registry.npmjs.org/colord/-/colord-2.9.3.tgz",
      "integrity": "sha512-jeC1axXpnb0/2nn/Y1LPuLdgXBLH7aDcHu4KEKfqw3CUhX7ZpfBSlPKyqXE6btIgEzfWtrX3/tyBCaCvXvMkOw=="
    },
    "node_modules/earcut": {
      "version": "2.2.4",
      "resolved": "https://registry.npmjs.org/earcut/-/earcut-2.2.4.tgz",
      "integrity": "sha512-/pjZsA1b4RPHbeWZQn66SWS8nZZWLQQ23oE3Eam7aroEFGEvwKAsJfZ9ytiEMycfzXWpca4FA9QIOehf7PocBQ=="
    },
    "node_modules/eventemitter3": {
      "version": "4.0.7",
      "resolved": "https://registry.npmjs.org/eventemitter3/-/eventemitter3-4.0.7.tgz",
      "integrity": "sha512-8guHBZCwKnFhYdHr2ysuRWErTwhoN2X8XELRlrRwpmfeY2jjuUN4taQMsULKUVo1K4DvZl+0pgfyoysHxvmvEw=="
    },
    "node_modules/pixi.js": {
      "version": "7.2.0-beta",
      "resolved": "https://registry.npmjs.org/pixi.js/-/pixi.js-7.2.0-beta.tgz",
      "integrity": "sha512-WBeggR5mI538eNHLiqIbImitNmecRGjtLtZ2LziJJs9fD7lHJVXn8dCJqhdSLdooldK03qX1uS33EZddNd9bZA==",
      "dependencies": {
        "@pixi/accessibility": "7.2.0-beta",
        "@pixi/app": "7.2.0-beta",
        "@pixi/assets": "7.2.0-beta",
        "@pixi/compressed-textures": "7.2.0-beta",
        "@pixi/core": "7.2.0-beta",
        "@pixi/display": "7.2.0-beta",
        "@pixi/events": "7.2.0-beta",
        "@pixi/extensions": "7.2.0-beta",
        "@pixi/extract": "7.2.0-beta",
        "@pixi/filter-alpha": "7.2.0-beta",
        "@pixi/filter-blur": "7.2.0-beta",
        "@pixi/filter-color-matrix": "7.2.0-beta",
        "@pixi/filter-displacement": "7.2.0-beta",
        "@pixi/filter-fxaa": "7.2.0-beta",
        "@pixi/filter-noise": "7.2.0-beta",
        "@pixi/graphics": "7.2.0-beta",
        "@pixi/mesh": "7.2.0-beta",
        "@pixi/mesh-extras": "7.2.0-beta",
        "@pixi/mixin-cache-as-bitmap": "7.2.0-beta",
        "@pixi/mixin-get-child-by-name": "7.2.0-beta",
        "@pixi/mixin-get-global-position": "7.2.0-beta",
        "@pixi/particle-container": "7.2.0-beta",
        "@pixi/prepare": "7.2.0-beta",
        "@pixi/sprite": "7.2.0-beta",
        "@pixi/sprite-animated": "7.2.0-beta",
        "@pixi/sprite-tiling": "7.2.0-beta",
        "@pixi/spritesheet": "7.2.0-beta",
        "@pixi/text": "7.2.0-beta",
        "@pixi/text-bitmap": "7.2.0-beta",
        "@pixi/text-html": "7.2.0-beta"
      },
      "funding": {
        "type": "opencollective",
        "url": "https://opencollective.com/pixijs"
      }
    },
    "node_modules/punycode": {
      "version": "1.3.2",
      "resolved": "https://registry.npmjs.org/punycode/-/punycode-1.3.2.tgz",
      "integrity": "sha512-RofWgt/7fL5wP1Y7fxE7/EmTLzQVnB0ycyibJ0OOHIlJqTNzglYFxVwETOcIoJqJmpDXJ9xImDv+Fq34F/d4Dw=="
    },
    "node_modules/querystring": {
      "version": "0.2.0",
      "resolved": "https://registry.npmjs.org/querystring/-/querystring-0.2.0.tgz",
      "integrity": "sha512-X/xY82scca2tau62i9mDyU9K+I+djTMUsvwf7xnUX5GLvVzgJybOJf4Y6o9Zx3oJK/LSXg5tTZBjwzqVPaPO2g==",
      "deprecated": "The querystring API is considered Legacy. new code should use the URLSearchParams API instead.",
      "engines": {
        "node": ">=0.4.x"
      }
    },
    "node_modules/url": {
      "version": "0.11.0",
      "resolved": "https://registry.npmjs.org/url/-/url-0.11.0.tgz",
      "integrity": "sha512-kbailJa29QrtXnxgq+DdCEGlbTeYM2eJUxsz6vjZavrCYPMIFHMKQmSKYAIuUK2i7hgPm28a8piX5NTUtM/LKQ==",
      "dependencies": {
        "punycode": "1.3.2",
        "querystring": "0.2.0"
      }
    }
  }
}
